
Microsoft Visual Studio Solution File, Format Version 12.00
# Visual Studio Version 17
VisualStudioVersion = 17.12.35506.116
MinimumVisualStudioVersion = 10.0.40219.1
Project("{FAE04EC0-301F-11D3-BF4B-00C04F79EFBC}") = "SOAPService", "SOAPService\SOAPService.csproj", "{2A897A08-4E04-47F9-8903-0B464CEABA7B}"
EndProject
Project("{FAE04EC0-301F-11D3-BF4B-00C04F79EFBC}") = "RESTApi", "RESTApi\RESTApi.csproj", "{6F198B6D-29A7-43E4-B8A8-6DE941ABCCC4}"
EndProject
Project("{FAE04EC0-301F-11D3-BF4B-00C04F79EFBC}") = "GrpcService", "GrpcService\GrpcService.csproj", "{65B39F04-B5F8-429F-BB25-2351CEEF8541}"
EndProject
Global
	GlobalSection(SolutionConfigurationPlatforms) = preSolution
		Debug|Any CPU = Debug|Any CPU
		Release|Any CPU = Release|Any CPU
	EndGlobalSection
	GlobalSection(ProjectConfigurationPlatforms) = postSolution
		{2A897A08-4E04-47F9-8903-0B464CEABA7B}.Debug|Any CPU.ActiveCfg = Debug|Any CPU
		{2A897A08-4E04-47F9-8903-0B464CEABA7B}.Debug|Any CPU.Build.0 = Debug|Any CPU
		{2A897A08-4E04-47F9-8903-0B464CEABA7B}.Release|Any CPU.ActiveCfg = Release|Any CPU
		{2A897A08-4E04-47F9-8903-0B464CEABA7B}.Release|Any CPU.Build.0 = Release|Any CPU
		{6F198B6D-29A7-43E4-B8A8-6DE941ABCCC4}.Debug|Any CPU.ActiveCfg = Debug|Any CPU
		{6F198B6D-29A7-43E4-B8A8-6DE941ABCCC4}.Debug|Any CPU.Build.0 = Debug|Any CPU
		{6F198B6D-29A7-43E4-B8A8-6DE941ABCCC4}.Release|Any CPU.ActiveCfg = Release|Any CPU
		{6F198B6D-29A7-43E4-B8A8-6DE941ABCCC4}.Release|Any CPU.Build.0 = Release|Any CPU
		{65B39F04-B5F8-429F-BB25-2351CEEF8541}.Debug|Any CPU.ActiveCfg = Debug|Any CPU
		{65B39F04-B5F8-429F-BB25-2351CEEF8541}.Debug|Any CPU.Build.0 = Debug|Any CPU
		{65B39F04-B5F8-429F-BB25-2351CEEF8541}.Release|Any CPU.ActiveCfg = Release|Any CPU
		{65B39F04-B5F8-429F-BB25-2351CEEF8541}.Release|Any CPU.Build.0 = Release|Any CPU
	EndGlobalSection
	GlobalSection(SolutionProperties) = preSolution
		HideSolutionNode = FALSE
	EndGlobalSection
EndGlobal
